
Microsoft Visual Studio Solution File, Format Version 12.00
Project("{FAE04EC0-301F-11D3-BF4B-00C04F79EFBC}") = "TaxiCompany", "TaxiCompany\TaxiCompany.csproj", "{0329A3B9-E090-4F89-89E7-E90D30078E75}"
EndProject
Global
	GlobalSection(SolutionConfigurationPlatforms) = preSolution
		Debug|Any CPU = Debug|Any CPU
		Release|Any CPU = Release|Any CPU
	EndGlobalSection
	GlobalSection(ProjectConfigurationPlatforms) = postSolution
		{0329A3B9-E090-4F89-89E7-E90D30078E75}.Debug|Any CPU.ActiveCfg = Debug|Any CPU
		{0329A3B9-E090-4F89-89E7-E90D30078E75}.Debug|Any CPU.Build.0 = Debug|Any CPU
		{0329A3B9-E090-4F89-89E7-E90D30078E75}.Release|Any CPU.ActiveCfg = Release|Any CPU
		{0329A3B9-E090-4F89-89E7-E90D30078E75}.Release|Any CPU.Build.0 = Release|Any CPU
	EndGlobalSection
EndGlobal
